// !$*UTF8*$!
{
	archiveVersion = 1;
	classes = {
	};
	objectVersion = 50;
	objects = {

/* Begin PBXBuildFile section */
		142CB3B628B3A3A800875CC6 /* AnimationOpeningDoorView.swift in Sources */ = {isa = PBXBuildFile; fileRef = 142CB3B528B3A3A800875CC6 /* AnimationOpeningDoorView.swift */; };
		142CB3B828B4650800875CC6 /* Color+DG.swift in Sources */ = {isa = PBXBuildFile; fileRef = 142CB3B728B4650800875CC6 /* Color+DG.swift */; };
		142CB3BA28B4740200875CC6 /* OpeningDoorEffect.swift in Sources */ = {isa = PBXBuildFile; fileRef = 142CB3B928B4740200875CC6 /* OpeningDoorEffect.swift */; };
		142CB3BC28B4742500875CC6 /* LeftRightPartialRectangleShape.swift in Sources */ = {isa = PBXBuildFile; fileRef = 142CB3BB28B4742500875CC6 /* LeftRightPartialRectangleShape.swift */; };
		142CB3C028B4A25A00875CC6 /* Path+DG.swift in Sources */ = {isa = PBXBuildFile; fileRef = 142CB3BF28B4A25A00875CC6 /* Path+DG.swift */; };
		14A5DFB328B244BD00761B5F /* DataFlow_State_Binding_ParentView.swift in Sources */ = {isa = PBXBuildFile; fileRef = 14A5DF9128B244BD00761B5F /* DataFlow_State_Binding_ParentView.swift */; };
		14A5DFB428B244BD00761B5F /* DataFlow_StateObject_ObservedObject_Published_ChildView.swift in Sources */ = {isa = PBXBuildFile; fileRef = 14A5DF9228B244BD00761B5F /* DataFlow_StateObject_ObservedObject_Published_ChildView.swift */; };
		14A5DFB528B244BD00761B5F /* DataFlow_StateObject_EnvironmentObject_Published_ParentView.swift in Sources */ = {isa = PBXBuildFile; fileRef = 14A5DF9328B244BD00761B5F /* DataFlow_StateObject_EnvironmentObject_Published_ParentView.swift */; };
		14A5DFB628B244BD00761B5F /* DataFlow_State_ObservedObject_Published_ChildView.swift in Sources */ = {isa = PBXBuildFile; fileRef = 14A5DF9428B244BD00761B5F /* DataFlow_State_ObservedObject_Published_ChildView.swift */; };
		14A5DFB728B244BD00761B5F /* DataFlow_State_EnvironmentObject_Published_ChildView.swift in Sources */ = {isa = PBXBuildFile; fileRef = 14A5DF9528B244BD00761B5F /* DataFlow_State_EnvironmentObject_Published_ChildView.swift */; };
		14A5DFB828B244BD00761B5F /* DataFlow_State_ObservedObject_Published_ParentView.swift in Sources */ = {isa = PBXBuildFile; fileRef = 14A5DF9628B244BD00761B5F /* DataFlow_State_ObservedObject_Published_ParentView.swift */; };
		14A5DFB928B244BD00761B5F /* DataFlow_State_Binding_ChildView.swift in Sources */ = {isa = PBXBuildFile; fileRef = 14A5DF9728B244BD00761B5F /* DataFlow_State_Binding_ChildView.swift */; };
		14A5DFBA28B244BD00761B5F /* DataFlow_StateObject_ObservedObject_Published_DetailView.swift in Sources */ = {isa = PBXBuildFile; fileRef = 14A5DF9828B244BD00761B5F /* DataFlow_StateObject_ObservedObject_Published_DetailView.swift */; };
		14A5DFBB28B244BD00761B5F /* DataFlow_ObservedObject_Published_DetailView.swift in Sources */ = {isa = PBXBuildFile; fileRef = 14A5DF9928B244BD00761B5F /* DataFlow_ObservedObject_Published_DetailView.swift */; };
		14A5DFBC28B244BD00761B5F /* DataFlow_StateObject_ObservedObject_Published_ParentView.swift in Sources */ = {isa = PBXBuildFile; fileRef = 14A5DF9A28B244BD00761B5F /* DataFlow_StateObject_ObservedObject_Published_ParentView.swift */; };
		14A5DFBD28B244BD00761B5F /* DataFlow_State_EnvironmentObject_Published_ParentView.swift in Sources */ = {isa = PBXBuildFile; fileRef = 14A5DF9B28B244BD00761B5F /* DataFlow_State_EnvironmentObject_Published_ParentView.swift */; };
		14A5DFBE28B244BD00761B5F /* DataFlow_StateObject_ObservedObject_Published_MasterView.swift in Sources */ = {isa = PBXBuildFile; fileRef = 14A5DF9C28B244BD00761B5F /* DataFlow_StateObject_ObservedObject_Published_MasterView.swift */; };
		14A5DFBF28B244BD00761B5F /* DataFlow_StateObject_EnvironmentObject_Published_ChildView.swift in Sources */ = {isa = PBXBuildFile; fileRef = 14A5DF9D28B244BD00761B5F /* DataFlow_StateObject_EnvironmentObject_Published_ChildView.swift */; };
		14A5DFC028B244BD00761B5F /* DataFlow_ObservedObject_Published_MasterView.swift in Sources */ = {isa = PBXBuildFile; fileRef = 14A5DF9E28B244BD00761B5F /* DataFlow_ObservedObject_Published_MasterView.swift */; };
		14A5DFC128B244BD00761B5F /* View+DG.swift in Sources */ = {isa = PBXBuildFile; fileRef = 14A5DFA028B244BD00761B5F /* View+DG.swift */; };
		14A5DFC228B244BD00761B5F /* Animation+DG.swift in Sources */ = {isa = PBXBuildFile; fileRef = 14A5DFA128B244BD00761B5F /* Animation+DG.swift */; };
		14A5DFC328B244BD00761B5F /* AnyTransition+DG.swift in Sources */ = {isa = PBXBuildFile; fileRef = 14A5DFA228B244BD00761B5F /* AnyTransition+DG.swift */; };
		14A5DFC428B244BD00761B5F /* AnimationContentView.swift in Sources */ = {isa = PBXBuildFile; fileRef = 14A5DFA428B244BD00761B5F /* AnimationContentView.swift */; };
		14A5DFC528B244BD00761B5F /* Persistence.swift in Sources */ = {isa = PBXBuildFile; fileRef = 14A5DFA628B244BD00761B5F /* Persistence.swift */; };
		14A5DFC628B244BD00761B5F /* CoreDataContentView.swift in Sources */ = {isa = PBXBuildFile; fileRef = 14A5DFA728B244BD00761B5F /* CoreDataContentView.swift */; };
		14A5DFC728B244BD00761B5F /* DGLearnSwiftUI.xcdatamodeld in Sources */ = {isa = PBXBuildFile; fileRef = 14A5DFA828B244BD00761B5F /* DGLearnSwiftUI.xcdatamodeld */; };
		14A5DFC828B244BD00761B5F /* SingleSelectionListView.swift in Sources */ = {isa = PBXBuildFile; fileRef = 14A5DFAB28B244BD00761B5F /* SingleSelectionListView.swift */; };
		14A5DFC928B244BD00761B5F /* PullRefreshListView.swift in Sources */ = {isa = PBXBuildFile; fileRef = 14A5DFAC28B244BD00761B5F /* PullRefreshListView.swift */; };
		14A5DFCA28B244BD00761B5F /* StaticListView.swift in Sources */ = {isa = PBXBuildFile; fileRef = 14A5DFAD28B244BD00761B5F /* StaticListView.swift */; };
		14A5DFCB28B244BD00761B5F /* CustomSelectionStyleListView.swift in Sources */ = {isa = PBXBuildFile; fileRef = 14A5DFAE28B244BD00761B5F /* CustomSelectionStyleListView.swift */; };
		14A5DFCC28B244BD00761B5F /* MultipleSelectionListView.swift in Sources */ = {isa = PBXBuildFile; fileRef = 14A5DFAF28B244BD00761B5F /* MultipleSelectionListView.swift */; };
		14A5DFCD28B244BD00761B5F /* CustomSelectionListView.swift in Sources */ = {isa = PBXBuildFile; fileRef = 14A5DFB028B244BD00761B5F /* CustomSelectionListView.swift */; };
		14A5DFCE28B244BD00761B5F /* DGItemEntity.swift in Sources */ = {isa = PBXBuildFile; fileRef = 14A5DFB228B244BD00761B5F /* DGItemEntity.swift */; };
		14BCB90528BB2D8F00A4891D /* SmoothCurve.swift in Sources */ = {isa = PBXBuildFile; fileRef = 14BCB90428BB2D8F00A4891D /* SmoothCurve.swift */; };
		14EB25F128B20E70007B884A /* AppDelegate.swift in Sources */ = {isa = PBXBuildFile; fileRef = 14EB25F028B20E70007B884A /* AppDelegate.swift */; };
		14EB25F328B20E70007B884A /* SceneDelegate.swift in Sources */ = {isa = PBXBuildFile; fileRef = 14EB25F228B20E70007B884A /* SceneDelegate.swift */; };
		14EB25F528B20E70007B884A /* ContentView.swift in Sources */ = {isa = PBXBuildFile; fileRef = 14EB25F428B20E70007B884A /* ContentView.swift */; };
		14EB25F728B20E71007B884A /* Assets.xcassets in Resources */ = {isa = PBXBuildFile; fileRef = 14EB25F628B20E71007B884A /* Assets.xcassets */; };
		14EB25FA28B20E71007B884A /* Preview Assets.xcassets in Resources */ = {isa = PBXBuildFile; fileRef = 14EB25F928B20E71007B884A /* Preview Assets.xcassets */; };
		14EB25FD28B20E71007B884A /* LaunchScreen.storyboard in Resources */ = {isa = PBXBuildFile; fileRef = 14EB25FB28B20E71007B884A /* LaunchScreen.storyboard */; };
		14FA5B6828B45F3C005F8D85 /* DGButton.swift in Sources */ = {isa = PBXBuildFile; fileRef = 14FA5B6728B45F3C005F8D85 /* DGButton.swift */; };
		14FA5B6A28B48332005F8D85 /* AnimationDigCenterHoleView.swift in Sources */ = {isa = PBXBuildFile; fileRef = 14FA5B6928B48332005F8D85 /* AnimationDigCenterHoleView.swift */; };
		14FA5B6C28B4837A005F8D85 /* DiggingCenterHoleEffect.swift in Sources */ = {isa = PBXBuildFile; fileRef = 14FA5B6B28B4837A005F8D85 /* DiggingCenterHoleEffect.swift */; };
		14FA5B6E28B4839C005F8D85 /* CenterHoleShape.swift in Sources */ = {isa = PBXBuildFile; fileRef = 14FA5B6D28B4839C005F8D85 /* CenterHoleShape.swift */; };
		14FA5B7028B4C602005F8D85 /* HoleShape.swift in Sources */ = {isa = PBXBuildFile; fileRef = 14FA5B6F28B4C602005F8D85 /* HoleShape.swift */; };
		14FA5B7228B4C61F005F8D85 /* DiggingHoleEffect.swift in Sources */ = {isa = PBXBuildFile; fileRef = 14FA5B7128B4C61F005F8D85 /* DiggingHoleEffect.swift */; };
		14FA5B7A28B4C74E005F8D85 /* AnimationDigRandomHolesView.swift in Sources */ = {isa = PBXBuildFile; fileRef = 14FA5B7928B4C74E005F8D85 /* AnimationDigRandomHolesView.swift */; };
/* End PBXBuildFile section */

/* Begin PBXFileReference section */
		142CB3B528B3A3A800875CC6 /* AnimationOpeningDoorView.swift */ = {isa = PBXFileReference; lastKnownFileType = sourcecode.swift; path = AnimationOpeningDoorView.swift; sourceTree = "<group>"; };
		142CB3B728B4650800875CC6 /* Color+DG.swift */ = {isa = PBXFileReference; lastKnownFileType = sourcecode.swift; path = "Color+DG.swift"; sourceTree = "<group>"; };
		142CB3B928B4740200875CC6 /* OpeningDoorEffect.swift */ = {isa = PBXFileReference; lastKnownFileType = sourcecode.swift; path = OpeningDoorEffect.swift; sourceTree = "<group>"; };
		142CB3BB28B4742500875CC6 /* LeftRightPartialRectangleShape.swift */ = {isa = PBXFileReference; lastKnownFileType = sourcecode.swift; path = LeftRightPartialRectangleShape.swift; sourceTree = "<group>"; };
		142CB3BF28B4A25A00875CC6 /* Path+DG.swift */ = {isa = PBXFileReference; lastKnownFileType = sourcecode.swift; path = "Path+DG.swift"; sourceTree = "<group>"; };
		14A5DF9128B244BD00761B5F /* DataFlow_State_Binding_ParentView.swift */ = {isa = PBXFileReference; fileEncoding = 4; lastKnownFileType = sourcecode.swift; name = DataFlow_State_Binding_ParentView.swift; path = ../DataFlow_State_Binding_ParentView.swift; sourceTree = "<group>"; };
		14A5DF9228B244BD00761B5F /* DataFlow_StateObject_ObservedObject_Published_ChildView.swift */ = {isa = PBXFileReference; fileEncoding = 4; lastKnownFileType = sourcecode.swift; name = DataFlow_StateObject_ObservedObject_Published_ChildView.swift; path = ../DataFlow_StateObject_ObservedObject_Published_ChildView.swift; sourceTree = "<group>"; };
		14A5DF9328B244BD00761B5F /* DataFlow_StateObject_EnvironmentObject_Published_ParentView.swift */ = {isa = PBXFileReference; fileEncoding = 4; lastKnownFileType = sourcecode.swift; name = DataFlow_StateObject_EnvironmentObject_Published_ParentView.swift; path = ../DataFlow_StateObject_EnvironmentObject_Published_ParentView.swift; sourceTree = "<group>"; };
		14A5DF9428B244BD00761B5F /* DataFlow_State_ObservedObject_Published_ChildView.swift */ = {isa = PBXFileReference; fileEncoding = 4; lastKnownFileType = sourcecode.swift; name = DataFlow_State_ObservedObject_Published_ChildView.swift; path = ../DataFlow_State_ObservedObject_Published_ChildView.swift; sourceTree = "<group>"; };
		14A5DF9528B244BD00761B5F /* DataFlow_State_EnvironmentObject_Published_ChildView.swift */ = {isa = PBXFileReference; fileEncoding = 4; lastKnownFileType = sourcecode.swift; name = DataFlow_State_EnvironmentObject_Published_ChildView.swift; path = ../DataFlow_State_EnvironmentObject_Published_ChildView.swift; sourceTree = "<group>"; };
		14A5DF9628B244BD00761B5F /* DataFlow_State_ObservedObject_Published_ParentView.swift */ = {isa = PBXFileReference; fileEncoding = 4; lastKnownFileType = sourcecode.swift; name = DataFlow_State_ObservedObject_Published_ParentView.swift; path = ../DataFlow_State_ObservedObject_Published_ParentView.swift; sourceTree = "<group>"; };
		14A5DF9728B244BD00761B5F /* DataFlow_State_Binding_ChildView.swift */ = {isa = PBXFileReference; fileEncoding = 4; lastKnownFileType = sourcecode.swift; name = DataFlow_State_Binding_ChildView.swift; path = ../DataFlow_State_Binding_ChildView.swift; sourceTree = "<group>"; };
		14A5DF9828B244BD00761B5F /* DataFlow_StateObject_ObservedObject_Published_DetailView.swift */ = {isa = PBXFileReference; fileEncoding = 4; lastKnownFileType = sourcecode.swift; name = DataFlow_StateObject_ObservedObject_Published_DetailView.swift; path = ../DataFlow_StateObject_ObservedObject_Published_DetailView.swift; sourceTree = "<group>"; };
		14A5DF9928B244BD00761B5F /* DataFlow_ObservedObject_Published_DetailView.swift */ = {isa = PBXFileReference; fileEncoding = 4; lastKnownFileType = sourcecode.swift; name = DataFlow_ObservedObject_Published_DetailView.swift; path = ../DataFlow_ObservedObject_Published_DetailView.swift; sourceTree = "<group>"; };
		14A5DF9A28B244BD00761B5F /* DataFlow_StateObject_ObservedObject_Published_ParentView.swift */ = {isa = PBXFileReference; fileEncoding = 4; lastKnownFileType = sourcecode.swift; name = DataFlow_StateObject_ObservedObject_Published_ParentView.swift; path = ../DataFlow_StateObject_ObservedObject_Published_ParentView.swift; sourceTree = "<group>"; };
		14A5DF9B28B244BD00761B5F /* DataFlow_State_EnvironmentObject_Published_ParentView.swift */ = {isa = PBXFileReference; fileEncoding = 4; lastKnownFileType = sourcecode.swift; name = DataFlow_State_EnvironmentObject_Published_ParentView.swift; path = ../DataFlow_State_EnvironmentObject_Published_ParentView.swift; sourceTree = "<group>"; };
		14A5DF9C28B244BD00761B5F /* DataFlow_StateObject_ObservedObject_Published_MasterView.swift */ = {isa = PBXFileReference; fileEncoding = 4; lastKnownFileType = sourcecode.swift; name = DataFlow_StateObject_ObservedObject_Published_MasterView.swift; path = ../DataFlow_StateObject_ObservedObject_Published_MasterView.swift; sourceTree = "<group>"; };
		14A5DF9D28B244BD00761B5F /* DataFlow_StateObject_EnvironmentObject_Published_ChildView.swift */ = {isa = PBXFileReference; fileEncoding = 4; lastKnownFileType = sourcecode.swift; name = DataFlow_StateObject_EnvironmentObject_Published_ChildView.swift; path = ../DataFlow_StateObject_EnvironmentObject_Published_ChildView.swift; sourceTree = "<group>"; };
		14A5DF9E28B244BD00761B5F /* DataFlow_ObservedObject_Published_MasterView.swift */ = {isa = PBXFileReference; fileEncoding = 4; lastKnownFileType = sourcecode.swift; name = DataFlow_ObservedObject_Published_MasterView.swift; path = ../DataFlow_ObservedObject_Published_MasterView.swift; sourceTree = "<group>"; };
		14A5DFA028B244BD00761B5F /* View+DG.swift */ = {isa = PBXFileReference; fileEncoding = 4; lastKnownFileType = sourcecode.swift; path = "View+DG.swift"; sourceTree = "<group>"; };
		14A5DFA128B244BD00761B5F /* Animation+DG.swift */ = {isa = PBXFileReference; fileEncoding = 4; lastKnownFileType = sourcecode.swift; path = "Animation+DG.swift"; sourceTree = "<group>"; };
		14A5DFA228B244BD00761B5F /* AnyTransition+DG.swift */ = {isa = PBXFileReference; fileEncoding = 4; lastKnownFileType = sourcecode.swift; path = "AnyTransition+DG.swift"; sourceTree = "<group>"; };
		14A5DFA428B244BD00761B5F /* AnimationContentView.swift */ = {isa = PBXFileReference; fileEncoding = 4; lastKnownFileType = sourcecode.swift; path = AnimationContentView.swift; sourceTree = "<group>"; };
		14A5DFA628B244BD00761B5F /* Persistence.swift */ = {isa = PBXFileReference; fileEncoding = 4; lastKnownFileType = sourcecode.swift; path = Persistence.swift; sourceTree = "<group>"; };
		14A5DFA728B244BD00761B5F /* CoreDataContentView.swift */ = {isa = PBXFileReference; fileEncoding = 4; lastKnownFileType = sourcecode.swift; path = CoreDataContentView.swift; sourceTree = "<group>"; };
		14A5DFA928B244BD00761B5F /* DGLearnSwiftUI.xcdatamodel */ = {isa = PBXFileReference; lastKnownFileType = wrapper.xcdatamodel; path = DGLearnSwiftUI.xcdatamodel; sourceTree = "<group>"; };
		14A5DFAB28B244BD00761B5F /* SingleSelectionListView.swift */ = {isa = PBXFileReference; fileEncoding = 4; lastKnownFileType = sourcecode.swift; path = SingleSelectionListView.swift; sourceTree = "<group>"; };
		14A5DFAC28B244BD00761B5F /* PullRefreshListView.swift */ = {isa = PBXFileReference; fileEncoding = 4; lastKnownFileType = sourcecode.swift; path = PullRefreshListView.swift; sourceTree = "<group>"; };
		14A5DFAD28B244BD00761B5F /* StaticListView.swift */ = {isa = PBXFileReference; fileEncoding = 4; lastKnownFileType = sourcecode.swift; path = StaticListView.swift; sourceTree = "<group>"; };
		14A5DFAE28B244BD00761B5F /* CustomSelectionStyleListView.swift */ = {isa = PBXFileReference; fileEncoding = 4; lastKnownFileType = sourcecode.swift; path = CustomSelectionStyleListView.swift; sourceTree = "<group>"; };
		14A5DFAF28B244BD00761B5F /* MultipleSelectionListView.swift */ = {isa = PBXFileReference; fileEncoding = 4; lastKnownFileType = sourcecode.swift; path = MultipleSelectionListView.swift; sourceTree = "<group>"; };
		14A5DFB028B244BD00761B5F /* CustomSelectionListView.swift */ = {isa = PBXFileReference; fileEncoding = 4; lastKnownFileType = sourcecode.swift; path = CustomSelectionListView.swift; sourceTree = "<group>"; };
		14A5DFB228B244BD00761B5F /* DGItemEntity.swift */ = {isa = PBXFileReference; fileEncoding = 4; lastKnownFileType = sourcecode.swift; path = DGItemEntity.swift; sourceTree = "<group>"; };
		14BCB90428BB2D8F00A4891D /* SmoothCurve.swift */ = {isa = PBXFileReference; lastKnownFileType = sourcecode.swift; path = SmoothCurve.swift; sourceTree = "<group>"; };
		14CF9FAE28B3546800FBD434 /* 兼容问题.md */ = {isa = PBXFileReference; lastKnownFileType = net.daringfireball.markdown; path = "兼容问题.md"; sourceTree = "<group>"; };
		14EB25ED28B20E70007B884A /* DGLearnSwiftUI.app */ = {isa = PBXFileReference; explicitFileType = wrapper.application; includeInIndex = 0; path = DGLearnSwiftUI.app; sourceTree = BUILT_PRODUCTS_DIR; };
		14EB25F028B20E70007B884A /* AppDelegate.swift */ = {isa = PBXFileReference; lastKnownFileType = sourcecode.swift; path = AppDelegate.swift; sourceTree = "<group>"; };
		14EB25F228B20E70007B884A /* SceneDelegate.swift */ = {isa = PBXFileReference; lastKnownFileType = sourcecode.swift; path = SceneDelegate.swift; sourceTree = "<group>"; };
		14EB25F428B20E70007B884A /* ContentView.swift */ = {isa = PBXFileReference; lastKnownFileType = sourcecode.swift; path = ContentView.swift; sourceTree = "<group>"; };
		14EB25F628B20E71007B884A /* Assets.xcassets */ = {isa = PBXFileReference; lastKnownFileType = folder.assetcatalog; path = Assets.xcassets; sourceTree = "<group>"; };
		14EB25F928B20E71007B884A /* Preview Assets.xcassets */ = {isa = PBXFileReference; lastKnownFileType = folder.assetcatalog; path = "Preview Assets.xcassets"; sourceTree = "<group>"; };
		14EB25FC28B20E71007B884A /* Base */ = {isa = PBXFileReference; lastKnownFileType = file.storyboard; name = Base; path = Base.lproj/LaunchScreen.storyboard; sourceTree = "<group>"; };
		14EB25FE28B20E71007B884A /* Info.plist */ = {isa = PBXFileReference; lastKnownFileType = text.plist.xml; path = Info.plist; sourceTree = "<group>"; };
		14FA5B6728B45F3C005F8D85 /* DGButton.swift */ = {isa = PBXFileReference; lastKnownFileType = sourcecode.swift; path = DGButton.swift; sourceTree = "<group>"; };
		14FA5B6928B48332005F8D85 /* AnimationDigCenterHoleView.swift */ = {isa = PBXFileReference; lastKnownFileType = sourcecode.swift; path = AnimationDigCenterHoleView.swift; sourceTree = "<group>"; };
		14FA5B6B28B4837A005F8D85 /* DiggingCenterHoleEffect.swift */ = {isa = PBXFileReference; lastKnownFileType = sourcecode.swift; path = DiggingCenterHoleEffect.swift; sourceTree = "<group>"; };
		14FA5B6D28B4839C005F8D85 /* CenterHoleShape.swift */ = {isa = PBXFileReference; lastKnownFileType = sourcecode.swift; path = CenterHoleShape.swift; sourceTree = "<group>"; };
		14FA5B6F28B4C602005F8D85 /* HoleShape.swift */ = {isa = PBXFileReference; lastKnownFileType = sourcecode.swift; path = HoleShape.swift; sourceTree = "<group>"; };
		14FA5B7128B4C61F005F8D85 /* DiggingHoleEffect.swift */ = {isa = PBXFileReference; lastKnownFileType = sourcecode.swift; path = DiggingHoleEffect.swift; sourceTree = "<group>"; };
		14FA5B7928B4C74E005F8D85 /* AnimationDigRandomHolesView.swift */ = {isa = PBXFileReference; lastKnownFileType = sourcecode.swift; path = AnimationDigRandomHolesView.swift; sourceTree = "<group>"; };
/* End PBXFileReference section */

/* Begin PBXFrameworksBuildPhase section */
		14EB25EA28B20E70007B884A /* Frameworks */ = {
			isa = PBXFrameworksBuildPhase;
			buildActionMask = 2147483647;
			files = (
			);
			runOnlyForDeploymentPostprocessing = 0;
		};
/* End PBXFrameworksBuildPhase section */

/* Begin PBXGroup section */
		14892AB828B358A9009D1D9E /* DataFlow_ObservedObject_Published_MD */ = {
			isa = PBXGroup;
			children = (
				14A5DF9928B244BD00761B5F /* DataFlow_ObservedObject_Published_DetailView.swift */,
				14A5DF9E28B244BD00761B5F /* DataFlow_ObservedObject_Published_MasterView.swift */,
			);
			path = DataFlow_ObservedObject_Published_MD;
			sourceTree = "<group>";
		};
		14892AB928B358D3009D1D9E /* DataFlow_State_Binding_PC */ = {
			isa = PBXGroup;
			children = (
				14A5DF9728B244BD00761B5F /* DataFlow_State_Binding_ChildView.swift */,
				14A5DF9128B244BD00761B5F /* DataFlow_State_Binding_ParentView.swift */,
			);
			path = DataFlow_State_Binding_PC;
			sourceTree = "<group>";
		};
		14892ABA28B358EC009D1D9E /* DataFlow_State_EnvironmentObject_Published_PC */ = {
			isa = PBXGroup;
			children = (
				14A5DF9528B244BD00761B5F /* DataFlow_State_EnvironmentObject_Published_ChildView.swift */,
				14A5DF9B28B244BD00761B5F /* DataFlow_State_EnvironmentObject_Published_ParentView.swift */,
			);
			path = DataFlow_State_EnvironmentObject_Published_PC;
			sourceTree = "<group>";
		};
		14892ABB28B358FB009D1D9E /* DataFlow_State_ObservedObject_Published_PC */ = {
			isa = PBXGroup;
			children = (
				14A5DF9428B244BD00761B5F /* DataFlow_State_ObservedObject_Published_ChildView.swift */,
				14A5DF9628B244BD00761B5F /* DataFlow_State_ObservedObject_Published_ParentView.swift */,
			);
			path = DataFlow_State_ObservedObject_Published_PC;
			sourceTree = "<group>";
		};
		14892ABC28B3590B009D1D9E /* DataFlow_StateObject_EnvironmentObject_Published_PC */ = {
			isa = PBXGroup;
			children = (
				14A5DF9D28B244BD00761B5F /* DataFlow_StateObject_EnvironmentObject_Published_ChildView.swift */,
				14A5DF9328B244BD00761B5F /* DataFlow_StateObject_EnvironmentObject_Published_ParentView.swift */,
			);
			path = DataFlow_StateObject_EnvironmentObject_Published_PC;
			sourceTree = "<group>";
		};
		14892ABD28B35920009D1D9E /* DataFlow_StateObject_ObservedObject_Published_PC */ = {
			isa = PBXGroup;
			children = (
				14A5DF9228B244BD00761B5F /* DataFlow_StateObject_ObservedObject_Published_ChildView.swift */,
				14A5DF9A28B244BD00761B5F /* DataFlow_StateObject_ObservedObject_Published_ParentView.swift */,
			);
			path = DataFlow_StateObject_ObservedObject_Published_PC;
			sourceTree = "<group>";
		};
		14892ABE28B35929009D1D9E /* DataFlow_StateObject_ObservedObject_Published_MD */ = {
			isa = PBXGroup;
			children = (
				14A5DF9828B244BD00761B5F /* DataFlow_StateObject_ObservedObject_Published_DetailView.swift */,
				14A5DF9C28B244BD00761B5F /* DataFlow_StateObject_ObservedObject_Published_MasterView.swift */,
			);
			path = DataFlow_StateObject_ObservedObject_Published_MD;
			sourceTree = "<group>";
		};
		14A5DF8F28B244BD00761B5F /* Files */ = {
			isa = PBXGroup;
			children = (
				14BCB90328BB2D7B00A4891D /* SmoothCurve */,
				14A5DF9028B244BD00761B5F /* DataFlow */,
				14A5DF9F28B244BD00761B5F /* Util */,
				14A5DFA328B244BD00761B5F /* Animation */,
				14A5DFA528B244BD00761B5F /* CoreData */,
				14A5DFAA28B244BD00761B5F /* List */,
				14A5DFB128B244BD00761B5F /* Model */,
				14CF9FAE28B3546800FBD434 /* 兼容问题.md */,
			);
			path = Files;
			sourceTree = "<group>";
		};
		14A5DF9028B244BD00761B5F /* DataFlow */ = {
			isa = PBXGroup;
			children = (
				14892AB828B358A9009D1D9E /* DataFlow_ObservedObject_Published_MD */,
				14892AB928B358D3009D1D9E /* DataFlow_State_Binding_PC */,
				14892ABA28B358EC009D1D9E /* DataFlow_State_EnvironmentObject_Published_PC */,
				14892ABB28B358FB009D1D9E /* DataFlow_State_ObservedObject_Published_PC */,
				14892ABC28B3590B009D1D9E /* DataFlow_StateObject_EnvironmentObject_Published_PC */,
				14892ABD28B35920009D1D9E /* DataFlow_StateObject_ObservedObject_Published_PC */,
				14892ABE28B35929009D1D9E /* DataFlow_StateObject_ObservedObject_Published_MD */,
			);
			path = DataFlow;
			sourceTree = "<group>";
		};
		14A5DF9F28B244BD00761B5F /* Util */ = {
			isa = PBXGroup;
			children = (
				14FA5B7628B4C6B2005F8D85 /* extension */,
				14FA5B7728B4C6E4005F8D85 /* custom_view */,
				14FA5B7828B4C6F5005F8D85 /* view_modifier */,
			);
			path = Util;
			sourceTree = "<group>";
		};
		14A5DFA328B244BD00761B5F /* Animation */ = {
			isa = PBXGroup;
			children = (
				14A5DFA428B244BD00761B5F /* AnimationContentView.swift */,
				142CB3B528B3A3A800875CC6 /* AnimationOpeningDoorView.swift */,
				14FA5B6928B48332005F8D85 /* AnimationDigCenterHoleView.swift */,
				14FA5B7928B4C74E005F8D85 /* AnimationDigRandomHolesView.swift */,
			);
			path = Animation;
			sourceTree = "<group>";
		};
		14A5DFA528B244BD00761B5F /* CoreData */ = {
			isa = PBXGroup;
			children = (
				14A5DFA628B244BD00761B5F /* Persistence.swift */,
				14A5DFA728B244BD00761B5F /* CoreDataContentView.swift */,
				14A5DFA828B244BD00761B5F /* DGLearnSwiftUI.xcdatamodeld */,
			);
			path = CoreData;
			sourceTree = "<group>";
		};
		14A5DFAA28B244BD00761B5F /* List */ = {
			isa = PBXGroup;
			children = (
				14A5DFAB28B244BD00761B5F /* SingleSelectionListView.swift */,
				14A5DFAC28B244BD00761B5F /* PullRefreshListView.swift */,
				14A5DFAD28B244BD00761B5F /* StaticListView.swift */,
				14A5DFAE28B244BD00761B5F /* CustomSelectionStyleListView.swift */,
				14A5DFAF28B244BD00761B5F /* MultipleSelectionListView.swift */,
				14A5DFB028B244BD00761B5F /* CustomSelectionListView.swift */,
			);
			path = List;
			sourceTree = "<group>";
		};
		14A5DFB128B244BD00761B5F /* Model */ = {
			isa = PBXGroup;
			children = (
				14A5DFB228B244BD00761B5F /* DGItemEntity.swift */,
			);
			path = Model;
			sourceTree = "<group>";
		};
		14BCB90328BB2D7B00A4891D /* SmoothCurve */ = {
			isa = PBXGroup;
			children = (
				14BCB90428BB2D8F00A4891D /* SmoothCurve.swift */,
			);
			path = SmoothCurve;
			sourceTree = "<group>";
		};
		14EB25E428B20E6F007B884A = {
			isa = PBXGroup;
			children = (
				14EB25EF28B20E70007B884A /* DGLearnSwiftUI */,
				14EB25EE28B20E70007B884A /* Products */,
			);
			sourceTree = "<group>";
		};
		14EB25EE28B20E70007B884A /* Products */ = {
			isa = PBXGroup;
			children = (
				14EB25ED28B20E70007B884A /* DGLearnSwiftUI.app */,
			);
			name = Products;
			sourceTree = "<group>";
		};
		14EB25EF28B20E70007B884A /* DGLearnSwiftUI */ = {
			isa = PBXGroup;
			children = (
				14EB25FE28B20E71007B884A /* Info.plist */,
				14EB25F028B20E70007B884A /* AppDelegate.swift */,
				14EB25F428B20E70007B884A /* ContentView.swift */,
				14EB25F228B20E70007B884A /* SceneDelegate.swift */,
				14EB25F628B20E71007B884A /* Assets.xcassets */,
				14A5DF8F28B244BD00761B5F /* Files */,
				14EB25FB28B20E71007B884A /* LaunchScreen.storyboard */,
				14EB25F828B20E71007B884A /* Preview Content */,
			);
			path = DGLearnSwiftUI;
			sourceTree = "<group>";
		};
		14EB25F828B20E71007B884A /* Preview Content */ = {
			isa = PBXGroup;
			children = (
				14EB25F928B20E71007B884A /* Preview Assets.xcassets */,
			);
			path = "Preview Content";
			sourceTree = "<group>";
		};
		14FA5B7328B4C65C005F8D85 /* hole */ = {
			isa = PBXGroup;
			children = (
				14FA5B7128B4C61F005F8D85 /* DiggingHoleEffect.swift */,
				14FA5B6F28B4C602005F8D85 /* HoleShape.swift */,
			);
			path = hole;
			sourceTree = "<group>";
		};
		14FA5B7428B4C667005F8D85 /* center_hole */ = {
			isa = PBXGroup;
			children = (
				14FA5B6B28B4837A005F8D85 /* DiggingCenterHoleEffect.swift */,
				14FA5B6D28B4839C005F8D85 /* CenterHoleShape.swift */,
			);
			path = center_hole;
			sourceTree = "<group>";
		};
		14FA5B7528B4C69A005F8D85 /* opening_door */ = {
			isa = PBXGroup;
			children = (
				142CB3B928B4740200875CC6 /* OpeningDoorEffect.swift */,
				142CB3BB28B4742500875CC6 /* LeftRightPartialRectangleShape.swift */,
			);
			path = opening_door;
			sourceTree = "<group>";
		};
		14FA5B7628B4C6B2005F8D85 /* extension */ = {
			isa = PBXGroup;
			children = (
				14A5DFA128B244BD00761B5F /* Animation+DG.swift */,
				14A5DFA228B244BD00761B5F /* AnyTransition+DG.swift */,
				142CB3B728B4650800875CC6 /* Color+DG.swift */,
				142CB3BF28B4A25A00875CC6 /* Path+DG.swift */,
				14A5DFA028B244BD00761B5F /* View+DG.swift */,
			);
			path = extension;
			sourceTree = "<group>";
		};
		14FA5B7728B4C6E4005F8D85 /* custom_view */ = {
			isa = PBXGroup;
			children = (
				14FA5B6728B45F3C005F8D85 /* DGButton.swift */,
			);
			path = custom_view;
			sourceTree = "<group>";
		};
		14FA5B7828B4C6F5005F8D85 /* view_modifier */ = {
			isa = PBXGroup;
			children = (
				14FA5B7428B4C667005F8D85 /* center_hole */,
				14FA5B7328B4C65C005F8D85 /* hole */,
				14FA5B7528B4C69A005F8D85 /* opening_door */,
			);
			path = view_modifier;
			sourceTree = "<group>";
		};
/* End PBXGroup section */

/* Begin PBXNativeTarget section */
		14EB25EC28B20E70007B884A /* DGLearnSwiftUI */ = {
			isa = PBXNativeTarget;
			buildConfigurationList = 14EB260128B20E71007B884A /* Build configuration list for PBXNativeTarget "DGLearnSwiftUI" */;
			buildPhases = (
				14EB25E928B20E70007B884A /* Sources */,
				14EB25EA28B20E70007B884A /* Frameworks */,
				14EB25EB28B20E70007B884A /* Resources */,
			);
			buildRules = (
			);
			dependencies = (
			);
			name = DGLearnSwiftUI;
			productName = DGLearnSwiftUI;
			productReference = 14EB25ED28B20E70007B884A /* DGLearnSwiftUI.app */;
			productType = "com.apple.product-type.application";
		};
/* End PBXNativeTarget section */

/* Begin PBXProject section */
		14EB25E528B20E70007B884A /* Project object */ = {
			isa = PBXProject;
			attributes = {
				LastSwiftUpdateCheck = 1170;
				LastUpgradeCheck = 1340;
				ORGANIZATIONNAME = daniate;
				TargetAttributes = {
					14EB25EC28B20E70007B884A = {
						CreatedOnToolsVersion = 11.7;
						LastSwiftMigration = 1340;
					};
				};
			};
			buildConfigurationList = 14EB25E828B20E70007B884A /* Build configuration list for PBXProject "DGLearnSwiftUI" */;
			compatibilityVersion = "Xcode 9.3";
			developmentRegion = en;
			hasScannedForEncodings = 0;
			knownRegions = (
				en,
				Base,
			);
			mainGroup = 14EB25E428B20E6F007B884A;
			productRefGroup = 14EB25EE28B20E70007B884A /* Products */;
			projectDirPath = "";
			projectRoot = "";
			targets = (
				14EB25EC28B20E70007B884A /* DGLearnSwiftUI */,
			);
		};
/* End PBXProject section */

/* Begin PBXResourcesBuildPhase section */
		14EB25EB28B20E70007B884A /* Resources */ = {
			isa = PBXResourcesBuildPhase;
			buildActionMask = 2147483647;
			files = (
				14EB25FD28B20E71007B884A /* LaunchScreen.storyboard in Resources */,
				14EB25FA28B20E71007B884A /* Preview Assets.xcassets in Resources */,
				14EB25F728B20E71007B884A /* Assets.xcassets in Resources */,
			);
			runOnlyForDeploymentPostprocessing = 0;
		};
/* End PBXResourcesBuildPhase section */

/* Begin PBXSourcesBuildPhase section */
		14EB25E928B20E70007B884A /* Sources */ = {
			isa = PBXSourcesBuildPhase;
			buildActionMask = 2147483647;
			files = (
				14EB25F128B20E70007B884A /* AppDelegate.swift in Sources */,
				14A5DFB928B244BD00761B5F /* DataFlow_State_Binding_ChildView.swift in Sources */,
				14FA5B7228B4C61F005F8D85 /* DiggingHoleEffect.swift in Sources */,
				14EB25F328B20E70007B884A /* SceneDelegate.swift in Sources */,
				14A5DFC728B244BD00761B5F /* DGLearnSwiftUI.xcdatamodeld in Sources */,
				14FA5B7028B4C602005F8D85 /* HoleShape.swift in Sources */,
				142CB3BA28B4740200875CC6 /* OpeningDoorEffect.swift in Sources */,
				14A5DFCE28B244BD00761B5F /* DGItemEntity.swift in Sources */,
				14A5DFC028B244BD00761B5F /* DataFlow_ObservedObject_Published_MasterView.swift in Sources */,
				14A5DFBC28B244BD00761B5F /* DataFlow_StateObject_ObservedObject_Published_ParentView.swift in Sources */,
				14A5DFBE28B244BD00761B5F /* DataFlow_StateObject_ObservedObject_Published_MasterView.swift in Sources */,
				14A5DFBB28B244BD00761B5F /* DataFlow_ObservedObject_Published_DetailView.swift in Sources */,
				14A5DFB328B244BD00761B5F /* DataFlow_State_Binding_ParentView.swift in Sources */,
				14FA5B7A28B4C74E005F8D85 /* AnimationDigRandomHolesView.swift in Sources */,
				142CB3C028B4A25A00875CC6 /* Path+DG.swift in Sources */,
				14A5DFBD28B244BD00761B5F /* DataFlow_State_EnvironmentObject_Published_ParentView.swift in Sources */,
				14A5DFCB28B244BD00761B5F /* CustomSelectionStyleListView.swift in Sources */,
				142CB3B828B4650800875CC6 /* Color+DG.swift in Sources */,
				14A5DFBF28B244BD00761B5F /* DataFlow_StateObject_EnvironmentObject_Published_ChildView.swift in Sources */,
				14A5DFC328B244BD00761B5F /* AnyTransition+DG.swift in Sources */,
				14A5DFC528B244BD00761B5F /* Persistence.swift in Sources */,
				14A5DFB828B244BD00761B5F /* DataFlow_State_ObservedObject_Published_ParentView.swift in Sources */,
				14A5DFC628B244BD00761B5F /* CoreDataContentView.swift in Sources */,
				14A5DFCD28B244BD00761B5F /* CustomSelectionListView.swift in Sources */,
				14A5DFC428B244BD00761B5F /* AnimationContentView.swift in Sources */,
				14A5DFC128B244BD00761B5F /* View+DG.swift in Sources */,
				14A5DFB528B244BD00761B5F /* DataFlow_StateObject_EnvironmentObject_Published_ParentView.swift in Sources */,
				14EB25F528B20E70007B884A /* ContentView.swift in Sources */,
				14FA5B6C28B4837A005F8D85 /* DiggingCenterHoleEffect.swift in Sources */,
				14A5DFC928B244BD00761B5F /* PullRefreshListView.swift in Sources */,
				14FA5B6E28B4839C005F8D85 /* CenterHoleShape.swift in Sources */,
				14A5DFB628B244BD00761B5F /* DataFlow_State_ObservedObject_Published_ChildView.swift in Sources */,
				14FA5B6828B45F3C005F8D85 /* DGButton.swift in Sources */,
				142CB3BC28B4742500875CC6 /* LeftRightPartialRectangleShape.swift in Sources */,
				14A5DFB428B244BD00761B5F /* DataFlow_StateObject_ObservedObject_Published_ChildView.swift in Sources */,
				14A5DFBA28B244BD00761B5F /* DataFlow_StateObject_ObservedObject_Published_DetailView.swift in Sources */,
				14A5DFB728B244BD00761B5F /* DataFlow_State_EnvironmentObject_Published_ChildView.swift in Sources */,
				14A5DFCC28B244BD00761B5F /* MultipleSelectionListView.swift in Sources */,
				14A5DFCA28B244BD00761B5F /* StaticListView.swift in Sources */,
				142CB3B628B3A3A800875CC6 /* AnimationOpeningDoorView.swift in Sources */,
				14FA5B6A28B48332005F8D85 /* AnimationDigCenterHoleView.swift in Sources */,
				14A5DFC228B244BD00761B5F /* Animation+DG.swift in Sources */,
				14A5DFC828B244BD00761B5F /* SingleSelectionListView.swift in Sources */,
				14BCB90528BB2D8F00A4891D /* SmoothCurve.swift in Sources */,
			);
			runOnlyForDeploymentPostprocessing = 0;
		};
/* End PBXSourcesBuildPhase section */

/* Begin PBXVariantGroup section */
		14EB25FB28B20E71007B884A /* LaunchScreen.storyboard */ = {
			isa = PBXVariantGroup;
			children = (
				14EB25FC28B20E71007B884A /* Base */,
			);
			name = LaunchScreen.storyboard;
			sourceTree = "<group>";
		};
/* End PBXVariantGroup section */

/* Begin XCBuildConfiguration section */
		14EB25FF28B20E71007B884A /* Debug */ = {
			isa = XCBuildConfiguration;
			buildSettings = {
				ALWAYS_SEARCH_USER_PATHS = NO;
				CLANG_ANALYZER_NONNULL = YES;
				CLANG_ANALYZER_NUMBER_OBJECT_CONVERSION = YES_AGGRESSIVE;
				CLANG_CXX_LANGUAGE_STANDARD = "gnu++14";
				CLANG_CXX_LIBRARY = "libc++";
				CLANG_ENABLE_MODULES = YES;
				CLANG_ENABLE_OBJC_ARC = YES;
				CLANG_ENABLE_OBJC_WEAK = YES;
				CLANG_WARN_BLOCK_CAPTURE_AUTORELEASING = YES;
				CLANG_WARN_BOOL_CONVERSION = YES;
				CLANG_WARN_COMMA = YES;
				CLANG_WARN_CONSTANT_CONVERSION = YES;
				CLANG_WARN_DEPRECATED_OBJC_IMPLEMENTATIONS = YES;
				CLANG_WARN_DIRECT_OBJC_ISA_USAGE = YES_ERROR;
				CLANG_WARN_DOCUMENTATION_COMMENTS = YES;
				CLANG_WARN_EMPTY_BODY = YES;
				CLANG_WARN_ENUM_CONVERSION = YES;
				CLANG_WARN_INFINITE_RECURSION = YES;
				CLANG_WARN_INT_CONVERSION = YES;
				CLANG_WARN_NON_LITERAL_NULL_CONVERSION = YES;
				CLANG_WARN_OBJC_IMPLICIT_RETAIN_SELF = YES;
				CLANG_WARN_OBJC_LITERAL_CONVERSION = YES;
				CLANG_WARN_OBJC_ROOT_CLASS = YES_ERROR;
				CLANG_WARN_QUOTED_INCLUDE_IN_FRAMEWORK_HEADER = YES;
				CLANG_WARN_RANGE_LOOP_ANALYSIS = YES;
				CLANG_WARN_STRICT_PROTOTYPES = YES;
				CLANG_WARN_SUSPICIOUS_MOVE = YES;
				CLANG_WARN_UNGUARDED_AVAILABILITY = YES_AGGRESSIVE;
				CLANG_WARN_UNREACHABLE_CODE = YES;
				CLANG_WARN__DUPLICATE_METHOD_MATCH = YES;
				COPY_PHASE_STRIP = NO;
				DEBUG_INFORMATION_FORMAT = dwarf;
				ENABLE_STRICT_OBJC_MSGSEND = YES;
				ENABLE_TESTABILITY = YES;
				GCC_C_LANGUAGE_STANDARD = gnu11;
				GCC_DYNAMIC_NO_PIC = NO;
				GCC_NO_COMMON_BLOCKS = YES;
				GCC_OPTIMIZATION_LEVEL = 0;
				GCC_PREPROCESSOR_DEFINITIONS = (
					"DEBUG=1",
					"$(inherited)",
				);
				GCC_WARN_64_TO_32_BIT_CONVERSION = YES;
				GCC_WARN_ABOUT_RETURN_TYPE = YES_ERROR;
				GCC_WARN_UNDECLARED_SELECTOR = YES;
				GCC_WARN_UNINITIALIZED_AUTOS = YES_AGGRESSIVE;
				GCC_WARN_UNUSED_FUNCTION = YES;
				GCC_WARN_UNUSED_VARIABLE = YES;
				IPHONEOS_DEPLOYMENT_TARGET = 13.0;
				MTL_ENABLE_DEBUG_INFO = INCLUDE_SOURCE;
				MTL_FAST_MATH = YES;
				ONLY_ACTIVE_ARCH = YES;
				SDKROOT = iphoneos;
				SWIFT_ACTIVE_COMPILATION_CONDITIONS = DEBUG;
				SWIFT_OPTIMIZATION_LEVEL = "-Onone";
			};
			name = Debug;
		};
		14EB260028B20E71007B884A /* Release */ = {
			isa = XCBuildConfiguration;
			buildSettings = {
				ALWAYS_SEARCH_USER_PATHS = NO;
				CLANG_ANALYZER_NONNULL = YES;
				CLANG_ANALYZER_NUMBER_OBJECT_CONVERSION = YES_AGGRESSIVE;
				CLANG_CXX_LANGUAGE_STANDARD = "gnu++14";
				CLANG_CXX_LIBRARY = "libc++";
				CLANG_ENABLE_MODULES = YES;
				CLANG_ENABLE_OBJC_ARC = YES;
				CLANG_ENABLE_OBJC_WEAK = YES;
				CLANG_WARN_BLOCK_CAPTURE_AUTORELEASING = YES;
				CLANG_WARN_BOOL_CONVERSION = YES;
				CLANG_WARN_COMMA = YES;
				CLANG_WARN_CONSTANT_CONVERSION = YES;
				CLANG_WARN_DEPRECATED_OBJC_IMPLEMENTATIONS = YES;
				CLANG_WARN_DIRECT_OBJC_ISA_USAGE = YES_ERROR;
				CLANG_WARN_DOCUMENTATION_COMMENTS = YES;
				CLANG_WARN_EMPTY_BODY = YES;
				CLANG_WARN_ENUM_CONVERSION = YES;
				CLANG_WARN_INFINITE_RECURSION = YES;
				CLANG_WARN_INT_CONVERSION = YES;
				CLANG_WARN_NON_LITERAL_NULL_CONVERSION = YES;
				CLANG_WARN_OBJC_IMPLICIT_RETAIN_SELF = YES;
				CLANG_WARN_OBJC_LITERAL_CONVERSION = YES;
				CLANG_WARN_OBJC_ROOT_CLASS = YES_ERROR;
				CLANG_WARN_QUOTED_INCLUDE_IN_FRAMEWORK_HEADER = YES;
				CLANG_WARN_RANGE_LOOP_ANALYSIS = YES;
				CLANG_WARN_STRICT_PROTOTYPES = YES;
				CLANG_WARN_SUSPICIOUS_MOVE = YES;
				CLANG_WARN_UNGUARDED_AVAILABILITY = YES_AGGRESSIVE;
				CLANG_WARN_UNREACHABLE_CODE = YES;
				CLANG_WARN__DUPLICATE_METHOD_MATCH = YES;
				COPY_PHASE_STRIP = NO;
				DEBUG_INFORMATION_FORMAT = "dwarf-with-dsym";
				ENABLE_NS_ASSERTIONS = NO;
				ENABLE_STRICT_OBJC_MSGSEND = YES;
				GCC_C_LANGUAGE_STANDARD = gnu11;
				GCC_NO_COMMON_BLOCKS = YES;
				GCC_WARN_64_TO_32_BIT_CONVERSION = YES;
				GCC_WARN_ABOUT_RETURN_TYPE = YES_ERROR;
				GCC_WARN_UNDECLARED_SELECTOR = YES;
				GCC_WARN_UNINITIALIZED_AUTOS = YES_AGGRESSIVE;
				GCC_WARN_UNUSED_FUNCTION = YES;
				GCC_WARN_UNUSED_VARIABLE = YES;
				IPHONEOS_DEPLOYMENT_TARGET = 13.0;
				MTL_ENABLE_DEBUG_INFO = NO;
				MTL_FAST_MATH = YES;
				SDKROOT = iphoneos;
				SWIFT_COMPILATION_MODE = wholemodule;
				SWIFT_OPTIMIZATION_LEVEL = "-O";
				VALIDATE_PRODUCT = YES;
			};
			name = Release;
		};
		14EB260228B20E71007B884A /* Debug */ = {
			isa = XCBuildConfiguration;
			buildSettings = {
				ASSETCATALOG_COMPILER_APPICON_NAME = AppIcon;
				CLANG_ENABLE_MODULES = YES;
				CODE_SIGN_STYLE = Automatic;
				DEVELOPMENT_ASSET_PATHS = "\"DGLearnSwiftUI/Preview Content\"";
				DEVELOPMENT_TEAM = TUMV96N6ER;
				ENABLE_PREVIEWS = YES;
				INFOPLIST_FILE = DGLearnSwiftUI/Info.plist;
				LD_RUNPATH_SEARCH_PATHS = (
					"$(inherited)",
					"@executable_path/Frameworks",
				);
				PRODUCT_BUNDLE_IDENTIFIER = com.daniate.DGLearnSwiftUI;
				PRODUCT_NAME = "$(TARGET_NAME)";
				SWIFT_OBJC_BRIDGING_HEADER = "";
				SWIFT_OPTIMIZATION_LEVEL = "-Onone";
				SWIFT_VERSION = 5.0;
				TARGETED_DEVICE_FAMILY = 1;
			};
			name = Debug;
		};
		14EB260328B20E71007B884A /* Release */ = {
			isa = XCBuildConfiguration;
			buildSettings = {
				ASSETCATALOG_COMPILER_APPICON_NAME = AppIcon;
				CLANG_ENABLE_MODULES = YES;
				CODE_SIGN_STYLE = Automatic;
				DEVELOPMENT_ASSET_PATHS = "\"DGLearnSwiftUI/Preview Content\"";
				DEVELOPMENT_TEAM = TUMV96N6ER;
				ENABLE_PREVIEWS = YES;
				INFOPLIST_FILE = DGLearnSwiftUI/Info.plist;
				LD_RUNPATH_SEARCH_PATHS = (
					"$(inherited)",
					"@executable_path/Frameworks",
				);
				PRODUCT_BUNDLE_IDENTIFIER = com.daniate.DGLearnSwiftUI;
				PRODUCT_NAME = "$(TARGET_NAME)";
				SWIFT_OBJC_BRIDGING_HEADER = "";
				SWIFT_VERSION = 5.0;
				TARGETED_DEVICE_FAMILY = 1;
			};
			name = Release;
		};
/* End XCBuildConfiguration section */

/* Begin XCConfigurationList section */
		14EB25E828B20E70007B884A /* Build configuration list for PBXProject "DGLearnSwiftUI" */ = {
			isa = XCConfigurationList;
			buildConfigurations = (
				14EB25FF28B20E71007B884A /* Debug */,
				14EB260028B20E71007B884A /* Release */,
			);
			defaultConfigurationIsVisible = 0;
			defaultConfigurationName = Release;
		};
		14EB260128B20E71007B884A /* Build configuration list for PBXNativeTarget "DGLearnSwiftUI" */ = {
			isa = XCConfigurationList;
			buildConfigurations = (
				14EB260228B20E71007B884A /* Debug */,
				14EB260328B20E71007B884A /* Release */,
			);
			defaultConfigurationIsVisible = 0;
			defaultConfigurationName = Release;
		};
/* End XCConfigurationList section */

/* Begin XCVersionGroup section */
		14A5DFA828B244BD00761B5F /* DGLearnSwiftUI.xcdatamodeld */ = {
			isa = XCVersionGroup;
			children = (
				14A5DFA928B244BD00761B5F /* DGLearnSwiftUI.xcdatamodel */,
			);
			currentVersion = 14A5DFA928B244BD00761B5F /* DGLearnSwiftUI.xcdatamodel */;
			path = DGLearnSwiftUI.xcdatamodeld;
			sourceTree = "<group>";
			versionGroupType = wrapper.xcdatamodel;
		};
/* End XCVersionGroup section */
	};
	rootObject = 14EB25E528B20E70007B884A /* Project object */;
}
